
Microsoft Visual Studio Solution File, Format Version 12.00
# Visual Studio Version 17
VisualStudioVersion = 17.2.32526.322
MinimumVisualStudioVersion = 10.0.40219.1
Project("{FAE04EC0-301F-11D3-BF4B-00C04F79EFBC}") = "allrgbcolors", "allrgbcolors\allrgbcolors.csproj", "{4A1837DC-5E1B-4CBC-A4F7-5C95A86AEF7F}"
EndProject
Global
	GlobalSection(SolutionConfigurationPlatforms) = preSolution
		Debug|Any CPU = Debug|Any CPU
		Release|Any CPU = Release|Any CPU
	EndGlobalSection
	GlobalSection(ProjectConfigurationPlatforms) = postSolution
		{4A1837DC-5E1B-4CBC-A4F7-5C95A86AEF7F}.Debug|Any CPU.ActiveCfg = Debug|Any CPU
		{4A1837DC-5E1B-4CBC-A4F7-5C95A86AEF7F}.Debug|Any CPU.Build.0 = Debug|Any CPU
		{4A1837DC-5E1B-4CBC-A4F7-5C95A86AEF7F}.Release|Any CPU.ActiveCfg = Release|Any CPU
		{4A1837DC-5E1B-4CBC-A4F7-5C95A86AEF7F}.Release|Any CPU.Build.0 = Release|Any CPU
	EndGlobalSection
	GlobalSection(SolutionProperties) = preSolution
		HideSolutionNode = FALSE
	EndGlobalSection
	GlobalSection(ExtensibilityGlobals) = postSolution
		SolutionGuid = {8D3D6781-0373-483C-8F7F-A7462DAEF48C}
	EndGlobalSection
EndGlobal
